
Microsoft Visual Studio Solution File, Format Version 12.00
# Visual Studio Version 16
VisualStudioVersion = 16.0.31409.214
MinimumVisualStudioVersion = 10.0.40219.1
Project("{FAE04EC0-301F-11D3-BF4B-00C04F79EFBC}") = "API_Test_Funcional", "API_Test_Funcional\API_Test_Funcional.csproj", "{F4115A07-0719-4628-9920-AA97E59F557C}"
EndProject
Global
	GlobalSection(SolutionConfigurationPlatforms) = preSolution
		Debug|Any CPU = Debug|Any CPU
		Release|Any CPU = Release|Any CPU
	EndGlobalSection
	GlobalSection(ProjectConfigurationPlatforms) = postSolution
		{F4115A07-0719-4628-9920-AA97E59F557C}.Debug|Any CPU.ActiveCfg = Debug|Any CPU
		{F4115A07-0719-4628-9920-AA97E59F557C}.Debug|Any CPU.Build.0 = Debug|Any CPU
		{F4115A07-0719-4628-9920-AA97E59F557C}.Release|Any CPU.ActiveCfg = Release|Any CPU
		{F4115A07-0719-4628-9920-AA97E59F557C}.Release|Any CPU.Build.0 = Release|Any CPU
	EndGlobalSection
	GlobalSection(SolutionProperties) = preSolution
		HideSolutionNode = FALSE
	EndGlobalSection
	GlobalSection(ExtensibilityGlobals) = postSolution
		SolutionGuid = {D6053FBC-1B41-4B8B-8B1B-497921BB242F}
	EndGlobalSection
EndGlobal
